// !$*UTF8*$!
{
	archiveVersion = 1;
	classes = {
	};
	objectVersion = 46;
	objects = {

/* Begin PBXBuildFile section */
		591AAB481ACFA6AA00E6AEA1 /* CoreBluetooth.framework in Frameworks */ = {isa = PBXBuildFile; fileRef = 591AAB471ACFA6AA00E6AEA1 /* CoreBluetooth.framework */; };
		595387D81AD2D7C800FBA250 /* ihateIED (1).PNG in Resources */ = {isa = PBXBuildFile; fileRef = 595387D71AD2D7C800FBA250 /* ihateIED (1).PNG */; };
		595387DC1AD2D8E700FBA250 /* LoadFoot (1).png in Resources */ = {isa = PBXBuildFile; fileRef = 595387DB1AD2D8E700FBA250 /* LoadFoot (1).png */; };
		595387EA1AD56FC500FBA250 /* ScanViewController.m in Sources */ = {isa = PBXBuildFile; fileRef = 595387E61AD56FC500FBA250 /* ScanViewController.m */; };
		5969DE6E1AEF07380079A965 /* RFduino.m in Sources */ = {isa = PBXBuildFile; fileRef = 5969DE691AEF07380079A965 /* RFduino.m */; };
		5969DE6F1AEF07380079A965 /* RfduinoManager.m in Sources */ = {isa = PBXBuildFile; fileRef = 5969DE6C1AEF07380079A965 /* RfduinoManager.m */; };
		5969DE721AEF08CD0079A965 /* CustomCellBackground.m in Sources */ = {isa = PBXBuildFile; fileRef = 5969DE711AEF08CD0079A965 /* CustomCellBackground.m */; };
		5969DE751AEF57050079A965 /* SendingViewController.m in Sources */ = {isa = PBXBuildFile; fileRef = 5969DE741AEF57050079A965 /* SendingViewController.m */; };
		5969DE7B1AEF5AD90079A965 /* SendingViewController.xib in Resources */ = {isa = PBXBuildFile; fileRef = 5969DE7A1AEF5AD90079A965 /* SendingViewController.xib */; };
		5969DE7E1AF2DB670079A965 /* Step.m in Sources */ = {isa = PBXBuildFile; fileRef = 5969DE7D1AF2DB670079A965 /* Step.m */; };
		5969DE821AF2DD320079A965 /* Record Session.m in Sources */ = {isa = PBXBuildFile; fileRef = 5969DE811AF2DD320079A965 /* Record Session.m */; };
		5969DEBB1AF463330079A965 /* Accelerate.framework in Frameworks */ = {isa = PBXBuildFile; fileRef = 5969DEBA1AF463330079A965 /* Accelerate.framework */; };
		5969DEBD1AF463410079A965 /* QuartzCore.framework in Frameworks */ = {isa = PBXBuildFile; fileRef = 5969DEBC1AF463410079A965 /* QuartzCore.framework */; };
		597E3BDB1ACC9E79008F8228 /* MainGraphsTableViewController.m in Sources */ = {isa = PBXBuildFile; fileRef = 597E3BD91ACC9E79008F8228 /* MainGraphsTableViewController.m */; };
		597E3BDC1ACC9E79008F8228 /* MainGraphsTableViewController.xib in Resources */ = {isa = PBXBuildFile; fileRef = 597E3BDA1ACC9E79008F8228 /* MainGraphsTableViewController.xib */; };
		597E3BE01ACD90C0008F8228 /* home_filled-50.png in Resources */ = {isa = PBXBuildFile; fileRef = 597E3BDE1ACD90C0008F8228 /* home_filled-50.png */; };
		597E3BE11ACD90C0008F8228 /* home-50.png in Resources */ = {isa = PBXBuildFile; fileRef = 597E3BDF1ACD90C0008F8228 /* home-50.png */; };
		597E3BE41ACD9346008F8228 /* home_filled-32.png in Resources */ = {isa = PBXBuildFile; fileRef = 597E3BE21ACD9345008F8228 /* home_filled-32.png */; };
		597E3BE51ACD9346008F8228 /* home-32.png in Resources */ = {isa = PBXBuildFile; fileRef = 597E3BE31ACD9346008F8228 /* home-32.png */; };
		597E3BE81ACD93BA008F8228 /* home_filled-25.png in Resources */ = {isa = PBXBuildFile; fileRef = 597E3BE61ACD93BA008F8228 /* home_filled-25.png */; };
		597E3BE91ACD93BA008F8228 /* home-25.png in Resources */ = {isa = PBXBuildFile; fileRef = 597E3BE71ACD93BA008F8228 /* home-25.png */; };
		597E3BEC1ACD9431008F8228 /* upload_filled-25.png in Resources */ = {isa = PBXBuildFile; fileRef = 597E3BEA1ACD9431008F8228 /* upload_filled-25.png */; };
		597E3BED1ACD9431008F8228 /* upload-25.png in Resources */ = {isa = PBXBuildFile; fileRef = 597E3BEB1ACD9431008F8228 /* upload-25.png */; };
		597E3BF01ACD99B0008F8228 /* line_chart_filled-25.png in Resources */ = {isa = PBXBuildFile; fileRef = 597E3BEE1ACD99B0008F8228 /* line_chart_filled-25.png */; };
		597E3BF11ACD99B0008F8228 /* line_chart-25.png in Resources */ = {isa = PBXBuildFile; fileRef = 597E3BEF1ACD99B0008F8228 /* line_chart-25.png */; };
		597E3BF31ACDE86B008F8228 /* FootLogo3.png in Resources */ = {isa = PBXBuildFile; fileRef = 597E3BF21ACDE86B008F8228 /* FootLogo3.png */; };
		597E3BF51ACDF7DA008F8228 /* MessageUI.framework in Frameworks */ = {isa = PBXBuildFile; fileRef = 597E3BF41ACDF7DA008F8228 /* MessageUI.framework */; };
		59C9688E1AC5BB3700FC2D82 /* Foundation.framework in Frameworks */ = {isa = PBXBuildFile; fileRef = 59C9688D1AC5BB3700FC2D82 /* Foundation.framework */; };
		59C968901AC5BB3700FC2D82 /* CoreGraphics.framework in Frameworks */ = {isa = PBXBuildFile; fileRef = 59C9688F1AC5BB3700FC2D82 /* CoreGraphics.framework */; };
		59C968921AC5BB3700FC2D82 /* UIKit.framework in Frameworks */ = {isa = PBXBuildFile; fileRef = 59C968911AC5BB3700FC2D82 /* UIKit.framework */; };
		59C968981AC5BB3700FC2D82 /* InfoPlist.strings in Resources */ = {isa = PBXBuildFile; fileRef = 59C968961AC5BB3700FC2D82 /* InfoPlist.strings */; };
		59C9689A1AC5BB3700FC2D82 /* main.m in Sources */ = {isa = PBXBuildFile; fileRef = 59C968991AC5BB3700FC2D82 /* main.m */; };
		59C9689E1AC5BB3700FC2D82 /* AppDelegate.m in Sources */ = {isa = PBXBuildFile; fileRef = 59C9689D1AC5BB3700FC2D82 /* AppDelegate.m */; };
		59C968A41AC5BB3800FC2D82 /* HomeViewController.m in Sources */ = {isa = PBXBuildFile; fileRef = 59C968A31AC5BB3800FC2D82 /* HomeViewController.m */; };
		59C968A91AC5BB3800FC2D82 /* Images.xcassets in Resources */ = {isa = PBXBuildFile; fileRef = 59C968A81AC5BB3800FC2D82 /* Images.xcassets */; };
		59C968B01AC5BB3800FC2D82 /* XCTest.framework in Frameworks */ = {isa = PBXBuildFile; fileRef = 59C968AF1AC5BB3800FC2D82 /* XCTest.framework */; };
		59C968B11AC5BB3800FC2D82 /* Foundation.framework in Frameworks */ = {isa = PBXBuildFile; fileRef = 59C9688D1AC5BB3700FC2D82 /* Foundation.framework */; };
		59C968B21AC5BB3800FC2D82 /* UIKit.framework in Frameworks */ = {isa = PBXBuildFile; fileRef = 59C968911AC5BB3700FC2D82 /* UIKit.framework */; };
		59C968BA1AC5BB3800FC2D82 /* InfoPlist.strings in Resources */ = {isa = PBXBuildFile; fileRef = 59C968B81AC5BB3800FC2D82 /* InfoPlist.strings */; };
		59C968BC1AC5BB3800FC2D82 /* FootScannerTests.m in Sources */ = {isa = PBXBuildFile; fileRef = 59C968BB1AC5BB3800FC2D82 /* FootScannerTests.m */; };
		59E2DB6E1AEE840C000A335E /* ScanViewController.xib in Resources */ = {isa = PBXBuildFile; fileRef = 59E2DB6D1AEE840C000A335E /* ScanViewController.xib */; };
		59FEDB711AC5F4B200E49F87 /* HomeViewController.xib in Resources */ = {isa = PBXBuildFile; fileRef = 59FEDB701AC5F4B200E49F87 /* HomeViewController.xib */; };
/* End PBXBuildFile section */

/* Begin PBXContainerItemProxy section */
		59C968B31AC5BB3800FC2D82 /* PBXContainerItemProxy */ = {
			isa = PBXContainerItemProxy;
			containerPortal = 59C968821AC5BB3700FC2D82 /* Project object */;
			proxyType = 1;
			remoteGlobalIDString = 59C968891AC5BB3700FC2D82;
			remoteInfo = FootScanner;
		};
/* End PBXContainerItemProxy section */

/* Begin PBXFileReference section */
		591AAB471ACFA6AA00E6AEA1 /* CoreBluetooth.framework */ = {isa = PBXFileReference; lastKnownFileType = wrapper.framework; name = CoreBluetooth.framework; path = System/Library/Frameworks/CoreBluetooth.framework; sourceTree = SDKROOT; };
		595387D71AD2D7C800FBA250 /* ihateIED (1).PNG */ = {isa = PBXFileReference; lastKnownFileType = image.png; path = "ihateIED (1).PNG"; sourceTree = "<group>"; };
		595387DB1AD2D8E700FBA250 /* LoadFoot (1).png */ = {isa = PBXFileReference; lastKnownFileType = image.png; path = "LoadFoot (1).png"; sourceTree = "<group>"; };
		595387E51AD56FC500FBA250 /* ScanViewController.h */ = {isa = PBXFileReference; fileEncoding = 4; lastKnownFileType = sourcecode.c.h; path = ScanViewController.h; sourceTree = "<group>"; };
		595387E61AD56FC500FBA250 /* ScanViewController.m */ = {isa = PBXFileReference; fileEncoding = 4; lastKnownFileType = sourcecode.c.objc; path = ScanViewController.m; sourceTree = "<group>"; };
		5969DE681AEF07380079A965 /* RFduino.h */ = {isa = PBXFileReference; fileEncoding = 4; lastKnownFileType = sourcecode.c.h; path = RFduino.h; sourceTree = "<group>"; };
		5969DE691AEF07380079A965 /* RFduino.m */ = {isa = PBXFileReference; fileEncoding = 4; lastKnownFileType = sourcecode.c.objc; path = RFduino.m; sourceTree = "<group>"; };
		5969DE6A1AEF07380079A965 /* RFduinoDelegate.h */ = {isa = PBXFileReference; fileEncoding = 4; lastKnownFileType = sourcecode.c.h; path = RFduinoDelegate.h; sourceTree = "<group>"; };
		5969DE6B1AEF07380079A965 /* RfduinoManager.h */ = {isa = PBXFileReference; fileEncoding = 4; lastKnownFileType = sourcecode.c.h; path = RfduinoManager.h; sourceTree = "<group>"; };
		5969DE6C1AEF07380079A965 /* RfduinoManager.m */ = {isa = PBXFileReference; fileEncoding = 4; lastKnownFileType = sourcecode.c.objc; path = RfduinoManager.m; sourceTree = "<group>"; };
		5969DE6D1AEF07380079A965 /* RFduinoManagerDelegate.h */ = {isa = PBXFileReference; fileEncoding = 4; lastKnownFileType = sourcecode.c.h; path = RFduinoManagerDelegate.h; sourceTree = "<group>"; };
		5969DE701AEF08CD0079A965 /* CustomCellBackground.h */ = {isa = PBXFileReference; fileEncoding = 4; lastKnownFileType = sourcecode.c.h; path = CustomCellBackground.h; sourceTree = "<group>"; };
		5969DE711AEF08CD0079A965 /* CustomCellBackground.m */ = {isa = PBXFileReference; fileEncoding = 4; lastKnownFileType = sourcecode.c.objc; path = CustomCellBackground.m; sourceTree = "<group>"; };
		5969DE731AEF57050079A965 /* SendingViewController.h */ = {isa = PBXFileReference; fileEncoding = 4; lastKnownFileType = sourcecode.c.h; path = SendingViewController.h; sourceTree = "<group>"; };
		5969DE741AEF57050079A965 /* SendingViewController.m */ = {isa = PBXFileReference; fileEncoding = 4; lastKnownFileType = sourcecode.c.objc; path = SendingViewController.m; sourceTree = "<group>"; };
		5969DE7A1AEF5AD90079A965 /* SendingViewController.xib */ = {isa = PBXFileReference; fileEncoding = 4; lastKnownFileType = file.xib; path = SendingViewController.xib; sourceTree = "<group>"; };
		5969DE7C1AF2DB670079A965 /* Step.h */ = {isa = PBXFileReference; fileEncoding = 4; lastKnownFileType = sourcecode.c.h; path = Step.h; sourceTree = "<group>"; };
		5969DE7D1AF2DB670079A965 /* Step.m */ = {isa = PBXFileReference; fileEncoding = 4; lastKnownFileType = sourcecode.c.objc; path = Step.m; sourceTree = "<group>"; };
		5969DE801AF2DD320079A965 /* Record Session.h */ = {isa = PBXFileReference; fileEncoding = 4; lastKnownFileType = sourcecode.c.h; path = "Record Session.h"; sourceTree = "<group>"; };
		5969DE811AF2DD320079A965 /* Record Session.m */ = {isa = PBXFileReference; fileEncoding = 4; lastKnownFileType = sourcecode.c.objc; path = "Record Session.m"; sourceTree = "<group>"; };
		5969DEBA1AF463330079A965 /* Accelerate.framework */ = {isa = PBXFileReference; lastKnownFileType = wrapper.framework; name = Accelerate.framework; path = System/Library/Frameworks/Accelerate.framework; sourceTree = SDKROOT; };
		5969DEBC1AF463410079A965 /* QuartzCore.framework */ = {isa = PBXFileReference; lastKnownFileType = wrapper.framework; name = QuartzCore.framework; path = System/Library/Frameworks/QuartzCore.framework; sourceTree = SDKROOT; };
		597E3BD81ACC9E79008F8228 /* MainGraphsTableViewController.h */ = {isa = PBXFileReference; fileEncoding = 4; lastKnownFileType = sourcecode.c.h; name = MainGraphsTableViewController.h; path = ../MainGraphsTableViewController.h; sourceTree = "<group>"; };
		597E3BD91ACC9E79008F8228 /* MainGraphsTableViewController.m */ = {isa = PBXFileReference; fileEncoding = 4; lastKnownFileType = sourcecode.c.objc; name = MainGraphsTableViewController.m; path = ../MainGraphsTableViewController.m; sourceTree = "<group>"; };
		597E3BDA1ACC9E79008F8228 /* MainGraphsTableViewController.xib */ = {isa = PBXFileReference; fileEncoding = 4; lastKnownFileType = file.xib; name = MainGraphsTableViewController.xib; path = ../MainGraphsTableViewController.xib; sourceTree = "<group>"; };
		597E3BDE1ACD90C0008F8228 /* home_filled-50.png */ = {isa = PBXFileReference; lastKnownFileType = image.png; path = "home_filled-50.png"; sourceTree = "<group>"; };
		597E3BDF1ACD90C0008F8228 /* home-50.png */ = {isa = PBXFileReference; lastKnownFileType = image.png; path = "home-50.png"; sourceTree = "<group>"; };
		597E3BE21ACD9345008F8228 /* home_filled-32.png */ = {isa = PBXFileReference; lastKnownFileType = image.png; path = "home_filled-32.png"; sourceTree = "<group>"; };
		597E3BE31ACD9346008F8228 /* home-32.png */ = {isa = PBXFileReference; lastKnownFileType = image.png; path = "home-32.png"; sourceTree = "<group>"; };
		597E3BE61ACD93BA008F8228 /* home_filled-25.png */ = {isa = PBXFileReference; lastKnownFileType = image.png; path = "home_filled-25.png"; sourceTree = "<group>"; };
		597E3BE71ACD93BA008F8228 /* home-25.png */ = {isa = PBXFileReference; lastKnownFileType = image.png; path = "home-25.png"; sourceTree = "<group>"; };
		597E3BEA1ACD9431008F8228 /* upload_filled-25.png */ = {isa = PBXFileReference; lastKnownFileType = image.png; path = "upload_filled-25.png"; sourceTree = "<group>"; };
		597E3BEB1ACD9431008F8228 /* upload-25.png */ = {isa = PBXFileReference; lastKnownFileType = image.png; path = "upload-25.png"; sourceTree = "<group>"; };
		597E3BEE1ACD99B0008F8228 /* line_chart_filled-25.png */ = {isa = PBXFileReference; lastKnownFileType = image.png; path = "line_chart_filled-25.png"; sourceTree = "<group>"; };
		597E3BEF1ACD99B0008F8228 /* line_chart-25.png */ = {isa = PBXFileReference; lastKnownFileType = image.png; path = "line_chart-25.png"; sourceTree = "<group>"; };
		597E3BF21ACDE86B008F8228 /* FootLogo3.png */ = {isa = PBXFileReference; lastKnownFileType = image.png; path = FootLogo3.png; sourceTree = "<group>"; };
		597E3BF41ACDF7DA008F8228 /* MessageUI.framework */ = {isa = PBXFileReference; lastKnownFileType = wrapper.framework; name = MessageUI.framework; path = System/Library/Frameworks/MessageUI.framework; sourceTree = SDKROOT; };
		59C9688A1AC5BB3700FC2D82 /* FootScanner.app */ = {isa = PBXFileReference; explicitFileType = wrapper.application; includeInIndex = 0; path = FootScanner.app; sourceTree = BUILT_PRODUCTS_DIR; };
		59C9688D1AC5BB3700FC2D82 /* Foundation.framework */ = {isa = PBXFileReference; lastKnownFileType = wrapper.framework; name = Foundation.framework; path = System/Library/Frameworks/Foundation.framework; sourceTree = SDKROOT; };
		59C9688F1AC5BB3700FC2D82 /* CoreGraphics.framework */ = {isa = PBXFileReference; lastKnownFileType = wrapper.framework; name = CoreGraphics.framework; path = System/Library/Frameworks/CoreGraphics.framework; sourceTree = SDKROOT; };
		59C968911AC5BB3700FC2D82 /* UIKit.framework */ = {isa = PBXFileReference; lastKnownFileType = wrapper.framework; name = UIKit.framework; path = System/Library/Frameworks/UIKit.framework; sourceTree = SDKROOT; };
		59C968951AC5BB3700FC2D82 /* FootScanner-Info.plist */ = {isa = PBXFileReference; lastKnownFileType = text.plist.xml; path = "FootScanner-Info.plist"; sourceTree = "<group>"; };
		59C968971AC5BB3700FC2D82 /* en */ = {isa = PBXFileReference; lastKnownFileType = text.plist.strings; name = en; path = en.lproj/InfoPlist.strings; sourceTree = "<group>"; };
		59C968991AC5BB3700FC2D82 /* main.m */ = {isa = PBXFileReference; lastKnownFileType = sourcecode.c.objc; path = main.m; sourceTree = "<group>"; };
		59C9689B1AC5BB3700FC2D82 /* FootScanner-Prefix.pch */ = {isa = PBXFileReference; lastKnownFileType = sourcecode.c.h; path = "FootScanner-Prefix.pch"; sourceTree = "<group>"; };
		59C9689C1AC5BB3700FC2D82 /* AppDelegate.h */ = {isa = PBXFileReference; lastKnownFileType = sourcecode.c.h; path = AppDelegate.h; sourceTree = "<group>"; };
		59C9689D1AC5BB3700FC2D82 /* AppDelegate.m */ = {isa = PBXFileReference; lastKnownFileType = sourcecode.c.objc; path = AppDelegate.m; sourceTree = "<group>"; };
		59C968A21AC5BB3800FC2D82 /* HomeViewController.h */ = {isa = PBXFileReference; lastKnownFileType = sourcecode.c.h; path = HomeViewController.h; sourceTree = "<group>"; };
		59C968A31AC5BB3800FC2D82 /* HomeViewController.m */ = {isa = PBXFileReference; lastKnownFileType = sourcecode.c.objc; path = HomeViewController.m; sourceTree = "<group>"; };
		59C968A81AC5BB3800FC2D82 /* Images.xcassets */ = {isa = PBXFileReference; lastKnownFileType = folder.assetcatalog; path = Images.xcassets; sourceTree = "<group>"; };
		59C968AE1AC5BB3800FC2D82 /* FootScannerTests.xctest */ = {isa = PBXFileReference; explicitFileType = wrapper.cfbundle; includeInIndex = 0; path = FootScannerTests.xctest; sourceTree = BUILT_PRODUCTS_DIR; };
		59C968AF1AC5BB3800FC2D82 /* XCTest.framework */ = {isa = PBXFileReference; lastKnownFileType = wrapper.framework; name = XCTest.framework; path = Library/Frameworks/XCTest.framework; sourceTree = DEVELOPER_DIR; };
		59C968B71AC5BB3800FC2D82 /* FootScannerTests-Info.plist */ = {isa = PBXFileReference; lastKnownFileType = text.plist.xml; path = "FootScannerTests-Info.plist"; sourceTree = "<group>"; };
		59C968B91AC5BB3800FC2D82 /* en */ = {isa = PBXFileReference; lastKnownFileType = text.plist.strings; name = en; path = en.lproj/InfoPlist.strings; sourceTree = "<group>"; };
		59C968BB1AC5BB3800FC2D82 /* FootScannerTests.m */ = {isa = PBXFileReference; lastKnownFileType = sourcecode.c.objc; path = FootScannerTests.m; sourceTree = "<group>"; };
		59E2DB6D1AEE840C000A335E /* ScanViewController.xib */ = {isa = PBXFileReference; fileEncoding = 4; lastKnownFileType = file.xib; path = ScanViewController.xib; sourceTree = "<group>"; };
		59FEDB701AC5F4B200E49F87 /* HomeViewController.xib */ = {isa = PBXFileReference; fileEncoding = 4; lastKnownFileType = file.xib; path = HomeViewController.xib; sourceTree = "<group>"; };
/* End PBXFileReference section */

/* Begin PBXFrameworksBuildPhase section */
		59C968871AC5BB3700FC2D82 /* Frameworks */ = {
			isa = PBXFrameworksBuildPhase;
			buildActionMask = 2147483647;
			files = (
				5969DEBD1AF463410079A965 /* QuartzCore.framework in Frameworks */,
				5969DEBB1AF463330079A965 /* Accelerate.framework in Frameworks */,
				591AAB481ACFA6AA00E6AEA1 /* CoreBluetooth.framework in Frameworks */,
				597E3BF51ACDF7DA008F8228 /* MessageUI.framework in Frameworks */,
				59C968901AC5BB3700FC2D82 /* CoreGraphics.framework in Frameworks */,
				59C968921AC5BB3700FC2D82 /* UIKit.framework in Frameworks */,
				59C9688E1AC5BB3700FC2D82 /* Foundation.framework in Frameworks */,
			);
			runOnlyForDeploymentPostprocessing = 0;
		};
		59C968AB1AC5BB3800FC2D82 /* Frameworks */ = {
			isa = PBXFrameworksBuildPhase;
			buildActionMask = 2147483647;
			files = (
				59C968B01AC5BB3800FC2D82 /* XCTest.framework in Frameworks */,
				59C968B21AC5BB3800FC2D82 /* UIKit.framework in Frameworks */,
				59C968B11AC5BB3800FC2D82 /* Foundation.framework in Frameworks */,
			);
			runOnlyForDeploymentPostprocessing = 0;
		};
/* End PBXFrameworksBuildPhase section */

/* Begin PBXGroup section */
		5907DBCE1AC9A4B500BE594E /* RFdunio */ = {
			isa = PBXGroup;
			children = (
				5969DE681AEF07380079A965 /* RFduino.h */,
				5969DE691AEF07380079A965 /* RFduino.m */,
				5969DE701AEF08CD0079A965 /* CustomCellBackground.h */,
				5969DE711AEF08CD0079A965 /* CustomCellBackground.m */,
				5969DE6A1AEF07380079A965 /* RFduinoDelegate.h */,
				5969DE6B1AEF07380079A965 /* RfduinoManager.h */,
				5969DE6C1AEF07380079A965 /* RfduinoManager.m */,
				5969DE6D1AEF07380079A965 /* RFduinoManagerDelegate.h */,
				595387E51AD56FC500FBA250 /* ScanViewController.h */,
				595387E61AD56FC500FBA250 /* ScanViewController.m */,
				59E2DB6D1AEE840C000A335E /* ScanViewController.xib */,
			);
			name = RFdunio;
			sourceTree = "<group>";
		};
		5969DE7F1AF2DB760079A965 /* Data Structure */ = {
			isa = PBXGroup;
			children = (
				5969DE7C1AF2DB670079A965 /* Step.h */,
				5969DE7D1AF2DB670079A965 /* Step.m */,
				5969DE801AF2DD320079A965 /* Record Session.h */,
				5969DE811AF2DD320079A965 /* Record Session.m */,
			);
			name = "Data Structure";
			sourceTree = "<group>";
		};
		597E3BDD1ACD9043008F8228 /* Images */ = {
			isa = PBXGroup;
			children = (
				595387D71AD2D7C800FBA250 /* ihateIED (1).PNG */,
				597E3BDE1ACD90C0008F8228 /* home_filled-50.png */,
				597E3BDF1ACD90C0008F8228 /* home-50.png */,
				597E3BE21ACD9345008F8228 /* home_filled-32.png */,
				597E3BE31ACD9346008F8228 /* home-32.png */,
				597E3BE61ACD93BA008F8228 /* home_filled-25.png */,
				597E3BE71ACD93BA008F8228 /* home-25.png */,
				597E3BEA1ACD9431008F8228 /* upload_filled-25.png */,
				597E3BEB1ACD9431008F8228 /* upload-25.png */,
				597E3BEE1ACD99B0008F8228 /* line_chart_filled-25.png */,
				597E3BEF1ACD99B0008F8228 /* line_chart-25.png */,
				595387DB1AD2D8E700FBA250 /* LoadFoot (1).png */,
				597E3BF21ACDE86B008F8228 /* FootLogo3.png */,
			);
			name = Images;
			sourceTree = "<group>";
		};
		59C968811AC5BB3700FC2D82 = {
			isa = PBXGroup;
			children = (
				59C968931AC5BB3700FC2D82 /* FootScanner */,
				59C968B51AC5BB3800FC2D82 /* FootScannerTests */,
				59C9688C1AC5BB3700FC2D82 /* Frameworks */,
				59C9688B1AC5BB3700FC2D82 /* Products */,
			);
			sourceTree = "<group>";
		};
		59C9688B1AC5BB3700FC2D82 /* Products */ = {
			isa = PBXGroup;
			children = (
				59C9688A1AC5BB3700FC2D82 /* FootScanner.app */,
				59C968AE1AC5BB3800FC2D82 /* FootScannerTests.xctest */,
			);
			name = Products;
			sourceTree = "<group>";
		};
		59C9688C1AC5BB3700FC2D82 /* Frameworks */ = {
			isa = PBXGroup;
			children = (
				5969DEBC1AF463410079A965 /* QuartzCore.framework */,
				5969DEBA1AF463330079A965 /* Accelerate.framework */,
				591AAB471ACFA6AA00E6AEA1 /* CoreBluetooth.framework */,
				597E3BF41ACDF7DA008F8228 /* MessageUI.framework */,
				59C9688D1AC5BB3700FC2D82 /* Foundation.framework */,
				59C9688F1AC5BB3700FC2D82 /* CoreGraphics.framework */,
				59C968911AC5BB3700FC2D82 /* UIKit.framework */,
				59C968AF1AC5BB3800FC2D82 /* XCTest.framework */,
			);
			name = Frameworks;
			sourceTree = "<group>";
		};
		59C968931AC5BB3700FC2D82 /* FootScanner */ = {
			isa = PBXGroup;
			children = (
				59C9689C1AC5BB3700FC2D82 /* AppDelegate.h */,
				59C9689D1AC5BB3700FC2D82 /* AppDelegate.m */,
				59C968A21AC5BB3800FC2D82 /* HomeViewController.h */,
				59C968A31AC5BB3800FC2D82 /* HomeViewController.m */,
				59FEDB701AC5F4B200E49F87 /* HomeViewController.xib */,
				5969DE731AEF57050079A965 /* SendingViewController.h */,
				5969DE741AEF57050079A965 /* SendingViewController.m */,
				5969DE7A1AEF5AD90079A965 /* SendingViewController.xib */,
				597E3BD81ACC9E79008F8228 /* MainGraphsTableViewController.h */,
				597E3BD91ACC9E79008F8228 /* MainGraphsTableViewController.m */,
				597E3BDA1ACC9E79008F8228 /* MainGraphsTableViewController.xib */,
				5969DE7F1AF2DB760079A965 /* Data Structure */,
				597E3BDD1ACD9043008F8228 /* Images */,
				5907DBCE1AC9A4B500BE594E /* RFdunio */,
				59C968A81AC5BB3800FC2D82 /* Images.xcassets */,
				59C968941AC5BB3700FC2D82 /* Supporting Files */,
			);
			path = FootScanner;
			sourceTree = "<group>";
		};
		59C968941AC5BB3700FC2D82 /* Supporting Files */ = {
			isa = PBXGroup;
			children = (
				59C968951AC5BB3700FC2D82 /* FootScanner-Info.plist */,
				59C968961AC5BB3700FC2D82 /* InfoPlist.strings */,
				59C968991AC5BB3700FC2D82 /* main.m */,
				59C9689B1AC5BB3700FC2D82 /* FootScanner-Prefix.pch */,
			);
			name = "Supporting Files";
			sourceTree = "<group>";
		};
		59C968B51AC5BB3800FC2D82 /* FootScannerTests */ = {
			isa = PBXGroup;
			children = (
				59C968BB1AC5BB3800FC2D82 /* FootScannerTests.m */,
				59C968B61AC5BB3800FC2D82 /* Supporting Files */,
			);
			path = FootScannerTests;
			sourceTree = "<group>";
		};
		59C968B61AC5BB3800FC2D82 /* Supporting Files */ = {
			isa = PBXGroup;
			children = (
				59C968B71AC5BB3800FC2D82 /* FootScannerTests-Info.plist */,
				59C968B81AC5BB3800FC2D82 /* InfoPlist.strings */,
			);
			name = "Supporting Files";
			sourceTree = "<group>";
		};
/* End PBXGroup section */

/* Begin PBXNativeTarget section */
		59C968891AC5BB3700FC2D82 /* FootScanner */ = {
			isa = PBXNativeTarget;
			buildConfigurationList = 59C968BF1AC5BB3800FC2D82 /* Build configuration list for PBXNativeTarget "FootScanner" */;
			buildPhases = (
				59C968861AC5BB3700FC2D82 /* Sources */,
				59C968871AC5BB3700FC2D82 /* Frameworks */,
				59C968881AC5BB3700FC2D82 /* Resources */,
			);
			buildRules = (
			);
			dependencies = (
			);
			name = FootScanner;
			productName = FootScanner;
			productReference = 59C9688A1AC5BB3700FC2D82 /* FootScanner.app */;
			productType = "com.apple.product-type.application";
		};
		59C968AD1AC5BB3800FC2D82 /* FootScannerTests */ = {
			isa = PBXNativeTarget;
			buildConfigurationList = 59C968C21AC5BB3800FC2D82 /* Build configuration list for PBXNativeTarget "FootScannerTests" */;
			buildPhases = (
				59C968AA1AC5BB3800FC2D82 /* Sources */,
				59C968AB1AC5BB3800FC2D82 /* Frameworks */,
				59C968AC1AC5BB3800FC2D82 /* Resources */,
			);
			buildRules = (
			);
			dependencies = (
				59C968B41AC5BB3800FC2D82 /* PBXTargetDependency */,
			);
			name = FootScannerTests;
			productName = FootScannerTests;
			productReference = 59C968AE1AC5BB3800FC2D82 /* FootScannerTests.xctest */;
			productType = "com.apple.product-type.bundle.unit-test";
		};
/* End PBXNativeTarget section */

/* Begin PBXProject section */
		59C968821AC5BB3700FC2D82 /* Project object */ = {
			isa = PBXProject;
			attributes = {
				LastUpgradeCheck = 0510;
				ORGANIZATIONNAME = Rehab;
				TargetAttributes = {
					59C968AD1AC5BB3800FC2D82 = {
						TestTargetID = 59C968891AC5BB3700FC2D82;
					};
				};
			};
			buildConfigurationList = 59C968851AC5BB3700FC2D82 /* Build configuration list for PBXProject "FootScanner" */;
			compatibilityVersion = "Xcode 3.2";
			developmentRegion = English;
			hasScannedForEncodings = 0;
			knownRegions = (
				en,
				Base,
			);
			mainGroup = 59C968811AC5BB3700FC2D82;
			productRefGroup = 59C9688B1AC5BB3700FC2D82 /* Products */;
			projectDirPath = "";
			projectRoot = "";
			targets = (
				59C968891AC5BB3700FC2D82 /* FootScanner */,
				59C968AD1AC5BB3800FC2D82 /* FootScannerTests */,
			);
		};
/* End PBXProject section */

/* Begin PBXResourcesBuildPhase section */
		59C968881AC5BB3700FC2D82 /* Resources */ = {
			isa = PBXResourcesBuildPhase;
			buildActionMask = 2147483647;
			files = (
				597E3BE11ACD90C0008F8228 /* home-50.png in Resources */,
				59C968A91AC5BB3800FC2D82 /* Images.xcassets in Resources */,
				595387D81AD2D7C800FBA250 /* ihateIED (1).PNG in Resources */,
				59C968981AC5BB3700FC2D82 /* InfoPlist.strings in Resources */,
				597E3BDC1ACC9E79008F8228 /* MainGraphsTableViewController.xib in Resources */,
				5969DE7B1AEF5AD90079A965 /* SendingViewController.xib in Resources */,
				59FEDB711AC5F4B200E49F87 /* HomeViewController.xib in Resources */,
				597E3BED1ACD9431008F8228 /* upload-25.png in Resources */,
				597E3BF01ACD99B0008F8228 /* line_chart_filled-25.png in Resources */,
				595387DC1AD2D8E700FBA250 /* LoadFoot (1).png in Resources */,
				597E3BF11ACD99B0008F8228 /* line_chart-25.png in Resources */,
				597E3BE51ACD9346008F8228 /* home-32.png in Resources */,
				597E3BE81ACD93BA008F8228 /* home_filled-25.png in Resources */,
				597E3BE01ACD90C0008F8228 /* home_filled-50.png in Resources */,
				597E3BF31ACDE86B008F8228 /* FootLogo3.png in Resources */,
				597E3BE91ACD93BA008F8228 /* home-25.png in Resources */,
				59E2DB6E1AEE840C000A335E /* ScanViewController.xib in Resources */,
				597E3BE41ACD9346008F8228 /* home_filled-32.png in Resources */,
				597E3BEC1ACD9431008F8228 /* upload_filled-25.png in Resources */,
			);
			runOnlyForDeploymentPostprocessing = 0;
		};
		59C968AC1AC5BB3800FC2D82 /* Resources */ = {
			isa = PBXResourcesBuildPhase;
			buildActionMask = 2147483647;
			files = (
				59C968BA1AC5BB3800FC2D82 /* InfoPlist.strings in Resources */,
			);
			runOnlyForDeploymentPostprocessing = 0;
		};
/* End PBXResourcesBuildPhase section */

/* Begin PBXSourcesBuildPhase section */
		59C968861AC5BB3700FC2D82 /* Sources */ = {
			isa = PBXSourcesBuildPhase;
			buildActionMask = 2147483647;
			files = (
				595387EA1AD56FC500FBA250 /* ScanViewController.m in Sources */,
				5969DE6E1AEF07380079A965 /* RFduino.m in Sources */,
				5969DE821AF2DD320079A965 /* Record Session.m in Sources */,
				59C9689E1AC5BB3700FC2D82 /* AppDelegate.m in Sources */,
				59C968A41AC5BB3800FC2D82 /* HomeViewController.m in Sources */,
				5969DE6F1AEF07380079A965 /* RfduinoManager.m in Sources */,
				5969DE7E1AF2DB670079A965 /* Step.m in Sources */,
				5969DE721AEF08CD0079A965 /* CustomCellBackground.m in Sources */,
				5969DE751AEF57050079A965 /* SendingViewController.m in Sources */,
				59C9689A1AC5BB3700FC2D82 /* main.m in Sources */,
				597E3BDB1ACC9E79008F8228 /* MainGraphsTableViewController.m in Sources */,
			);
			runOnlyForDeploymentPostprocessing = 0;
		};
		59C968AA1AC5BB3800FC2D82 /* Sources */ = {
			isa = PBXSourcesBuildPhase;
			buildActionMask = 2147483647;
			files = (
				59C968BC1AC5BB3800FC2D82 /* FootScannerTests.m in Sources */,
			);
			runOnlyForDeploymentPostprocessing = 0;
		};
/* End PBXSourcesBuildPhase section */

/* Begin PBXTargetDependency section */
		59C968B41AC5BB3800FC2D82 /* PBXTargetDependency */ = {
			isa = PBXTargetDependency;
			target = 59C968891AC5BB3700FC2D82 /* FootScanner */;
			targetProxy = 59C968B31AC5BB3800FC2D82 /* PBXContainerItemProxy */;
		};
/* End PBXTargetDependency section */

/* Begin PBXVariantGroup section */
		59C968961AC5BB3700FC2D82 /* InfoPlist.strings */ = {
			isa = PBXVariantGroup;
			children = (
				59C968971AC5BB3700FC2D82 /* en */,
			);
			name = InfoPlist.strings;
			sourceTree = "<group>";
		};
		59C968B81AC5BB3800FC2D82 /* InfoPlist.strings */ = {
			isa = PBXVariantGroup;
			children = (
				59C968B91AC5BB3800FC2D82 /* en */,
			);
			name = InfoPlist.strings;
			sourceTree = "<group>";
		};
/* End PBXVariantGroup section */

/* Begin XCBuildConfiguration section */
		59C968BD1AC5BB3800FC2D82 /* Debug */ = {
			isa = XCBuildConfiguration;
			buildSettings = {
				ALWAYS_SEARCH_USER_PATHS = NO;
				CLANG_CXX_LANGUAGE_STANDARD = "gnu++0x";
				CLANG_CXX_LIBRARY = "libc++";
				CLANG_ENABLE_MODULES = YES;
				CLANG_ENABLE_OBJC_ARC = YES;
				CLANG_WARN_BOOL_CONVERSION = YES;
				CLANG_WARN_CONSTANT_CONVERSION = YES;
				CLANG_WARN_DIRECT_OBJC_ISA_USAGE = YES_ERROR;
				CLANG_WARN_EMPTY_BODY = YES;
				CLANG_WARN_ENUM_CONVERSION = YES;
				CLANG_WARN_INT_CONVERSION = YES;
				CLANG_WARN_OBJC_ROOT_CLASS = YES_ERROR;
				CLANG_WARN__DUPLICATE_METHOD_MATCH = YES;
				"CODE_SIGN_IDENTITY[sdk=iphoneos*]" = "iPhone Developer";
				COPY_PHASE_STRIP = NO;
				GCC_C_LANGUAGE_STANDARD = gnu99;
				GCC_DYNAMIC_NO_PIC = NO;
				GCC_OPTIMIZATION_LEVEL = 0;
				GCC_PREPROCESSOR_DEFINITIONS = (
					"DEBUG=1",
					"$(inherited)",
				);
				GCC_SYMBOLS_PRIVATE_EXTERN = NO;
				GCC_WARN_64_TO_32_BIT_CONVERSION = YES;
				GCC_WARN_ABOUT_RETURN_TYPE = YES_ERROR;
				GCC_WARN_UNDECLARED_SELECTOR = YES;
				GCC_WARN_UNINITIALIZED_AUTOS = YES_AGGRESSIVE;
				GCC_WARN_UNUSED_FUNCTION = YES;
				GCC_WARN_UNUSED_VARIABLE = YES;
				IPHONEOS_DEPLOYMENT_TARGET = 7.1;
				ONLY_ACTIVE_ARCH = YES;
				SDKROOT = iphoneos;
			};
			name = Debug;
		};
		59C968BE1AC5BB3800FC2D82 /* Release */ = {
			isa = XCBuildConfiguration;
			buildSettings = {
				ALWAYS_SEARCH_USER_PATHS = NO;
				CLANG_CXX_LANGUAGE_STANDARD = "gnu++0x";
				CLANG_CXX_LIBRARY = "libc++";
				CLANG_ENABLE_MODULES = YES;
				CLANG_ENABLE_OBJC_ARC = YES;
				CLANG_WARN_BOOL_CONVERSION = YES;
				CLANG_WARN_CONSTANT_CONVERSION = YES;
				CLANG_WARN_DIRECT_OBJC_ISA_USAGE = YES_ERROR;
				CLANG_WARN_EMPTY_BODY = YES;
				CLANG_WARN_ENUM_CONVERSION = YES;
				CLANG_WARN_INT_CONVERSION = YES;
				CLANG_WARN_OBJC_ROOT_CLASS = YES_ERROR;
				CLANG_WARN__DUPLICATE_METHOD_MATCH = YES;
				"CODE_SIGN_IDENTITY[sdk=iphoneos*]" = "iPhone Developer";
				COPY_PHASE_STRIP = YES;
				ENABLE_NS_ASSERTIONS = NO;
				GCC_C_LANGUAGE_STANDARD = gnu99;
				GCC_WARN_64_TO_32_BIT_CONVERSION = YES;
				GCC_WARN_ABOUT_RETURN_TYPE = YES_ERROR;
				GCC_WARN_UNDECLARED_SELECTOR = YES;
				GCC_WARN_UNINITIALIZED_AUTOS = YES_AGGRESSIVE;
				GCC_WARN_UNUSED_FUNCTION = YES;
				GCC_WARN_UNUSED_VARIABLE = YES;
				IPHONEOS_DEPLOYMENT_TARGET = 7.1;
				SDKROOT = iphoneos;
				VALIDATE_PRODUCT = YES;
			};
			name = Release;
		};
		59C968C01AC5BB3800FC2D82 /* Debug */ = {
			isa = XCBuildConfiguration;
			buildSettings = {
				ASSETCATALOG_COMPILER_APPICON_NAME = AppIcon;
				ASSETCATALOG_COMPILER_LAUNCHIMAGE_NAME = LaunchImage;
				GCC_PRECOMPILE_PREFIX_HEADER = YES;
				GCC_PREFIX_HEADER = "FootScanner/FootScanner-Prefix.pch";
				GCC_VERSION = "";
				INFOPLIST_FILE = "FootScanner/FootScanner-Info.plist";
				PRODUCT_NAME = "$(TARGET_NAME)";
				TARGETED_DEVICE_FAMILY = 1;
				WRAPPER_EXTENSION = app;
			};
			name = Debug;
		};
		59C968C11AC5BB3800FC2D82 /* Release */ = {
			isa = XCBuildConfiguration;
			buildSettings = {
				ASSETCATALOG_COMPILER_APPICON_NAME = AppIcon;
				ASSETCATALOG_COMPILER_LAUNCHIMAGE_NAME = LaunchImage;
				GCC_PRECOMPILE_PREFIX_HEADER = YES;
				GCC_PREFIX_HEADER = "FootScanner/FootScanner-Prefix.pch";
				GCC_VERSION = "";
				INFOPLIST_FILE = "FootScanner/FootScanner-Info.plist";
				PRODUCT_NAME = "$(TARGET_NAME)";
				TARGETED_DEVICE_FAMILY = 1;
				WRAPPER_EXTENSION = app;
			};
			name = Release;
		};
		59C968C31AC5BB3800FC2D82 /* Debug */ = {
			isa = XCBuildConfiguration;
			buildSettings = {
				BUNDLE_LOADER = "$(BUILT_PRODUCTS_DIR)/FootScanner.app/FootScanner";
				FRAMEWORK_SEARCH_PATHS = (
					"$(SDKROOT)/Developer/Library/Frameworks",
					"$(inherited)",
					"$(DEVELOPER_FRAMEWORKS_DIR)",
				);
				GCC_PRECOMPILE_PREFIX_HEADER = YES;
				GCC_PREFIX_HEADER = "FootScanner/FootScanner-Prefix.pch";
				GCC_PREPROCESSOR_DEFINITIONS = (
					"DEBUG=1",
					"$(inherited)",
				);
				INFOPLIST_FILE = "FootScannerTests/FootScannerTests-Info.plist";
				PRODUCT_NAME = "$(TARGET_NAME)";
				TEST_HOST = "$(BUNDLE_LOADER)";
				WRAPPER_EXTENSION = xctest;
			};
			name = Debug;
		};
		59C968C41AC5BB3800FC2D82 /* Release */ = {
			isa = XCBuildConfiguration;
			buildSettings = {
				BUNDLE_LOADER = "$(BUILT_PRODUCTS_DIR)/FootScanner.app/FootScanner";
				FRAMEWORK_SEARCH_PATHS = (
					"$(SDKROOT)/Developer/Library/Frameworks",
					"$(inherited)",
					"$(DEVELOPER_FRAMEWORKS_DIR)",
				);
				GCC_PRECOMPILE_PREFIX_HEADER = YES;
				GCC_PREFIX_HEADER = "FootScanner/FootScanner-Prefix.pch";
				INFOPLIST_FILE = "FootScannerTests/FootScannerTests-Info.plist";
				PRODUCT_NAME = "$(TARGET_NAME)";
				TEST_HOST = "$(BUNDLE_LOADER)";
				WRAPPER_EXTENSION = xctest;
			};
			name = Release;
		};
/* End XCBuildConfiguration section */

/* Begin XCConfigurationList section */
		59C968851AC5BB3700FC2D82 /* Build configuration list for PBXProject "FootScanner" */ = {
			isa = XCConfigurationList;
			buildConfigurations = (
				59C968BD1AC5BB3800FC2D82 /* Debug */,
				59C968BE1AC5BB3800FC2D82 /* Release */,
			);
			defaultConfigurationIsVisible = 0;
			defaultConfigurationName = Release;
		};
		59C968BF1AC5BB3800FC2D82 /* Build configuration list for PBXNativeTarget "FootScanner" */ = {
			isa = XCConfigurationList;
			buildConfigurations = (
				59C968C01AC5BB3800FC2D82 /* Debug */,
				59C968C11AC5BB3800FC2D82 /* Release */,
			);
			defaultConfigurationIsVisible = 0;
			defaultConfigurationName = Release;
		};
		59C968C21AC5BB3800FC2D82 /* Build configuration list for PBXNativeTarget "FootScannerTests" */ = {
			isa = XCConfigurationList;
			buildConfigurations = (
				59C968C31AC5BB3800FC2D82 /* Debug */,
				59C968C41AC5BB3800FC2D82 /* Release */,
			);
			defaultConfigurationIsVisible = 0;
			defaultConfigurationName = Release;
		};
/* End XCConfigurationList section */
	};
	rootObject = 59C968821AC5BB3700FC2D82 /* Project object */;
}
